
Microsoft Visual Studio Solution File, Format Version 12.00
# Visual Studio Version 16
VisualStudioVersion = 16.0.32126.315
MinimumVisualStudioVersion = 10.0.40219.1
Project("{FAE04EC0-301F-11D3-BF4B-00C04F79EFBC}") = "ImagesGalery.Android", "ImagesGalery\ImagesGalery.Android\ImagesGalery.Android.csproj", "{05130ACE-32FD-491A-87C3-E7F7AFCB575C}"
EndProject
Project("{FAE04EC0-301F-11D3-BF4B-00C04F79EFBC}") = "ImagesGalery.iOS", "ImagesGalery\ImagesGalery.iOS\ImagesGalery.iOS.csproj", "{46E4505E-FC15-471C-9771-04F09A2D1B5E}"
EndProject
Project("{FAE04EC0-301F-11D3-BF4B-00C04F79EFBC}") = "ImagesGalery", "ImagesGalery\ImagesGalery\ImagesGalery.csproj", "{ABDEA78B-90D4-45B1-9995-CB24626F986A}"
EndProject
Global
	GlobalSection(SolutionConfigurationPlatforms) = preSolution
		Debug|Any CPU = Debug|Any CPU
		Debug|iPhone = Debug|iPhone
		Debug|iPhoneSimulator = Debug|iPhoneSimulator
		Release|Any CPU = Release|Any CPU
		Release|iPhone = Release|iPhone
		Release|iPhoneSimulator = Release|iPhoneSimulator
	EndGlobalSection
	GlobalSection(ProjectConfigurationPlatforms) = postSolution
		{05130ACE-32FD-491A-87C3-E7F7AFCB575C}.Debug|Any CPU.ActiveCfg = Debug|Any CPU
		{05130ACE-32FD-491A-87C3-E7F7AFCB575C}.Debug|Any CPU.Build.0 = Debug|Any CPU
		{05130ACE-32FD-491A-87C3-E7F7AFCB575C}.Debug|Any CPU.Deploy.0 = Debug|Any CPU
		{05130ACE-32FD-491A-87C3-E7F7AFCB575C}.Debug|iPhone.ActiveCfg = Debug|Any CPU
		{05130ACE-32FD-491A-87C3-E7F7AFCB575C}.Debug|iPhone.Build.0 = Debug|Any CPU
		{05130ACE-32FD-491A-87C3-E7F7AFCB575C}.Debug|iPhone.Deploy.0 = Debug|Any CPU
		{05130ACE-32FD-491A-87C3-E7F7AFCB575C}.Debug|iPhoneSimulator.ActiveCfg = Debug|Any CPU
		{05130ACE-32FD-491A-87C3-E7F7AFCB575C}.Debug|iPhoneSimulator.Build.0 = Debug|Any CPU
		{05130ACE-32FD-491A-87C3-E7F7AFCB575C}.Debug|iPhoneSimulator.Deploy.0 = Debug|Any CPU
		{05130ACE-32FD-491A-87C3-E7F7AFCB575C}.Release|Any CPU.ActiveCfg = Release|Any CPU
		{05130ACE-32FD-491A-87C3-E7F7AFCB575C}.Release|Any CPU.Build.0 = Release|Any CPU
		{05130ACE-32FD-491A-87C3-E7F7AFCB575C}.Release|Any CPU.Deploy.0 = Release|Any CPU
		{05130ACE-32FD-491A-87C3-E7F7AFCB575C}.Release|iPhone.ActiveCfg = Release|Any CPU
		{05130ACE-32FD-491A-87C3-E7F7AFCB575C}.Release|iPhone.Build.0 = Release|Any CPU
		{05130ACE-32FD-491A-87C3-E7F7AFCB575C}.Release|iPhone.Deploy.0 = Release|Any CPU
		{05130ACE-32FD-491A-87C3-E7F7AFCB575C}.Release|iPhoneSimulator.ActiveCfg = Release|Any CPU
		{05130ACE-32FD-491A-87C3-E7F7AFCB575C}.Release|iPhoneSimulator.Build.0 = Release|Any CPU
		{05130ACE-32FD-491A-87C3-E7F7AFCB575C}.Release|iPhoneSimulator.Deploy.0 = Release|Any CPU
		{46E4505E-FC15-471C-9771-04F09A2D1B5E}.Debug|Any CPU.ActiveCfg = Debug|iPhone
		{46E4505E-FC15-471C-9771-04F09A2D1B5E}.Debug|Any CPU.Build.0 = Debug|iPhone
		{46E4505E-FC15-471C-9771-04F09A2D1B5E}.Debug|Any CPU.Deploy.0 = Debug|iPhone
		{46E4505E-FC15-471C-9771-04F09A2D1B5E}.Debug|iPhone.ActiveCfg = Debug|iPhone
		{46E4505E-FC15-471C-9771-04F09A2D1B5E}.Debug|iPhone.Build.0 = Debug|iPhone
		{46E4505E-FC15-471C-9771-04F09A2D1B5E}.Debug|iPhone.Deploy.0 = Debug|iPhone
		{46E4505E-FC15-471C-9771-04F09A2D1B5E}.Debug|iPhoneSimulator.ActiveCfg = Debug|iPhoneSimulator
		{46E4505E-FC15-471C-9771-04F09A2D1B5E}.Debug|iPhoneSimulator.Build.0 = Debug|iPhoneSimulator
		{46E4505E-FC15-471C-9771-04F09A2D1B5E}.Debug|iPhoneSimulator.Deploy.0 = Debug|iPhoneSimulator
		{46E4505E-FC15-471C-9771-04F09A2D1B5E}.Release|Any CPU.ActiveCfg = Release|iPhoneSimulator
		{46E4505E-FC15-471C-9771-04F09A2D1B5E}.Release|Any CPU.Build.0 = Release|iPhoneSimulator
		{46E4505E-FC15-471C-9771-04F09A2D1B5E}.Release|Any CPU.Deploy.0 = Release|iPhoneSimulator
		{46E4505E-FC15-471C-9771-04F09A2D1B5E}.Release|iPhone.ActiveCfg = Release|iPhone
		{46E4505E-FC15-471C-9771-04F09A2D1B5E}.Release|iPhone.Build.0 = Release|iPhone
		{46E4505E-FC15-471C-9771-04F09A2D1B5E}.Release|iPhone.Deploy.0 = Release|iPhone
		{46E4505E-FC15-471C-9771-04F09A2D1B5E}.Release|iPhoneSimulator.ActiveCfg = Release|iPhoneSimulator
		{46E4505E-FC15-471C-9771-04F09A2D1B5E}.Release|iPhoneSimulator.Build.0 = Release|iPhoneSimulator
		{46E4505E-FC15-471C-9771-04F09A2D1B5E}.Release|iPhoneSimulator.Deploy.0 = Release|iPhoneSimulator
		{ABDEA78B-90D4-45B1-9995-CB24626F986A}.Debug|Any CPU.ActiveCfg = Debug|Any CPU
		{ABDEA78B-90D4-45B1-9995-CB24626F986A}.Debug|Any CPU.Build.0 = Debug|Any CPU
		{ABDEA78B-90D4-45B1-9995-CB24626F986A}.Debug|Any CPU.Deploy.0 = Debug|Any CPU
		{ABDEA78B-90D4-45B1-9995-CB24626F986A}.Debug|iPhone.ActiveCfg = Debug|Any CPU
		{ABDEA78B-90D4-45B1-9995-CB24626F986A}.Debug|iPhone.Build.0 = Debug|Any CPU
		{ABDEA78B-90D4-45B1-9995-CB24626F986A}.Debug|iPhone.Deploy.0 = Debug|Any CPU
		{ABDEA78B-90D4-45B1-9995-CB24626F986A}.Debug|iPhoneSimulator.ActiveCfg = Debug|Any CPU
		{ABDEA78B-90D4-45B1-9995-CB24626F986A}.Debug|iPhoneSimulator.Build.0 = Debug|Any CPU
		{ABDEA78B-90D4-45B1-9995-CB24626F986A}.Debug|iPhoneSimulator.Deploy.0 = Debug|Any CPU
		{ABDEA78B-90D4-45B1-9995-CB24626F986A}.Release|Any CPU.ActiveCfg = Release|Any CPU
		{ABDEA78B-90D4-45B1-9995-CB24626F986A}.Release|Any CPU.Build.0 = Release|Any CPU
		{ABDEA78B-90D4-45B1-9995-CB24626F986A}.Release|Any CPU.Deploy.0 = Release|Any CPU
		{ABDEA78B-90D4-45B1-9995-CB24626F986A}.Release|iPhone.ActiveCfg = Release|Any CPU
		{ABDEA78B-90D4-45B1-9995-CB24626F986A}.Release|iPhone.Build.0 = Release|Any CPU
		{ABDEA78B-90D4-45B1-9995-CB24626F986A}.Release|iPhone.Deploy.0 = Release|Any CPU
		{ABDEA78B-90D4-45B1-9995-CB24626F986A}.Release|iPhoneSimulator.ActiveCfg = Release|Any CPU
		{ABDEA78B-90D4-45B1-9995-CB24626F986A}.Release|iPhoneSimulator.Build.0 = Release|Any CPU
		{ABDEA78B-90D4-45B1-9995-CB24626F986A}.Release|iPhoneSimulator.Deploy.0 = Release|Any CPU
	EndGlobalSection
	GlobalSection(SolutionProperties) = preSolution
		HideSolutionNode = FALSE
	EndGlobalSection
	GlobalSection(ExtensibilityGlobals) = postSolution
		SolutionGuid = {2B1F22B4-D968-4464-8EF0-3BC03D84B435}
	EndGlobalSection
EndGlobal
